
Microsoft Visual Studio Solution File, Format Version 12.00
# Visual Studio Version 16
VisualStudioVersion = 16.0.29215.179
MinimumVisualStudioVersion = 10.0.40219.1
Project("{9A19103F-16F7-4668-BE54-9A1E7A4F7556}") = "KeyValueStore", "KeyValueStore\KeyValueStore.csproj", "{B4F5FF84-1DD4-4EFB-8B6F-611D7B95DF26}"
EndProject
Project("{FAE04EC0-301F-11D3-BF4B-00C04F79EFBC}") = "ApplyingGenerics", "ApplyingGenerics\ApplyingGenerics.csproj", "{AACF49EE-2F5A-4C2C-B7E6-57A12A588485}"
EndProject
Global
	GlobalSection(SolutionConfigurationPlatforms) = preSolution
		Debug|Any CPU = Debug|Any CPU
		Release|Any CPU = Release|Any CPU
	EndGlobalSection
	GlobalSection(ProjectConfigurationPlatforms) = postSolution
		{B4F5FF84-1DD4-4EFB-8B6F-611D7B95DF26}.Debug|Any CPU.ActiveCfg = Debug|Any CPU
		{B4F5FF84-1DD4-4EFB-8B6F-611D7B95DF26}.Debug|Any CPU.Build.0 = Debug|Any CPU
		{B4F5FF84-1DD4-4EFB-8B6F-611D7B95DF26}.Release|Any CPU.ActiveCfg = Release|Any CPU
		{B4F5FF84-1DD4-4EFB-8B6F-611D7B95DF26}.Release|Any CPU.Build.0 = Release|Any CPU
		{AACF49EE-2F5A-4C2C-B7E6-57A12A588485}.Debug|Any CPU.ActiveCfg = Debug|Any CPU
		{AACF49EE-2F5A-4C2C-B7E6-57A12A588485}.Debug|Any CPU.Build.0 = Debug|Any CPU
		{AACF49EE-2F5A-4C2C-B7E6-57A12A588485}.Release|Any CPU.ActiveCfg = Release|Any CPU
		{AACF49EE-2F5A-4C2C-B7E6-57A12A588485}.Release|Any CPU.Build.0 = Release|Any CPU
	EndGlobalSection
	GlobalSection(SolutionProperties) = preSolution
		HideSolutionNode = FALSE
	EndGlobalSection
	GlobalSection(ExtensibilityGlobals) = postSolution
		SolutionGuid = {495CF5F2-5472-49C3-99E8-66EB8C3EB9DE}
	EndGlobalSection
EndGlobal
